{
  "name": "ad-docs",
  "version": "1.0.0",
  "lockfileVersion": 1,
  "requires": true,
  "dependencies": {
    "acorn": {
      "version": "3.3.0",
      "resolved": "https://registry.npmjs.org/acorn/-/acorn-3.3.0.tgz",
      "integrity": "sha1-ReN/s56No/JbruP/U2niu18iAXo="
    },
    "acorn-jsx": {
      "version": "3.0.1",
      "resolved": "https://registry.npmjs.org/acorn-jsx/-/acorn-jsx-3.0.1.tgz",
      "integrity": "sha1-r9+UiPsezvyDSPb7IvRk4ypYs2s=",
      "requires": {
        "acorn": "3.3.0"
      }
    },
    "ad-assets": {
      "version": "git://github.com/ff0000-ad-tech/ad-assets.git#514294bec578d0cd2ef401f9fd81183f04da4a52"
    },
    "ad-canvas": {
      "version": "git://github.com/ff0000-ad-tech/ad-canvas.git#07debdad480850a4abeb79276e347ce0d9779ea2",
      "requires": {
        "ad-control": "git://github.com/ff0000-ad-tech/ad-control.git#4f35694182219e2d386b452e678af4ec7d6f34eb",
        "ad-events": "git://github.com/ff0000-ad-tech/ad-events.git#683119e0406245e753313be93553d23d8044ee32",
        "ad-external": "git://github.com/ff0000-ad-tech/ad-external.git#7093fd839bea1367bb783e65e055fb14b438e310",
        "ad-geom": "git://github.com/ff0000-ad-tech/ad-geom.git#8e2abf023c9982bb4094dd1d07c0283559fa939c",
        "ad-legacy": "git://github.com/ff0000-ad-tech/ad-legacy.git#5f1e60e29324ff53bdf8bd4109b5750cd703d1a0",
        "ad-ui": "git://github.com/ff0000-ad-tech/ad-ui.git#4ced6553c9476f1c71ca384e1c1ba6864b28f72d",
        "ad-utils": "git://github.com/ff0000-ad-tech/ad-utils.git#f230fe8c9b22c8cb04fe7f57294bd17c8693bf80",
        "ad-view": "git://github.com/ff0000-ad-tech/ad-view.git#207428b086de55268ebc4122fa0e2689b2327d70"
      }
    },
    "ad-control": {
      "version": "git://github.com/ff0000-ad-tech/ad-control.git#4f35694182219e2d386b452e678af4ec7d6f34eb",
      "requires": {
        "ad-events": "git://github.com/ff0000-ad-tech/ad-events.git#683119e0406245e753313be93553d23d8044ee32",
        "ad-external": "git://github.com/ff0000-ad-tech/ad-external.git#7093fd839bea1367bb783e65e055fb14b438e310",
        "ad-geom": "git://github.com/ff0000-ad-tech/ad-geom.git#8e2abf023c9982bb4094dd1d07c0283559fa939c",
        "ad-load": "git://github.com/ff0000-ad-tech/ad-load.git#8303d2eddef6373a77f2b232abb803702f0ef518",
        "ad-utils": "git://github.com/ff0000-ad-tech/ad-utils.git#f230fe8c9b22c8cb04fe7f57294bd17c8693bf80",
        "ad-view": "git://github.com/ff0000-ad-tech/ad-view.git#207428b086de55268ebc4122fa0e2689b2327d70"
      }
    },
    "ad-dates": {
      "version": "git://github.com/ff0000-ad-tech/ad-dates.git#72d77f3863ae6463fd605d0e2c62457cb622d0f9",
      "requires": {
        "ad-dates": "git://github.com/ff0000-ad-tech/ad-dates.git#72d77f3863ae6463fd605d0e2c62457cb622d0f9",
        "ad-legacy": "git://github.com/ff0000-ad-tech/ad-legacy.git#5f1e60e29324ff53bdf8bd4109b5750cd703d1a0",
        "ad-load": "git://github.com/ff0000-ad-tech/ad-load.git#8303d2eddef6373a77f2b232abb803702f0ef518",
        "ad-utils": "git://github.com/ff0000-ad-tech/ad-utils.git#f230fe8c9b22c8cb04fe7f57294bd17c8693bf80"
      }
    },
    "ad-entry": {
      "version": "git://github.com/ff0000-ad-tech/ad-entry.git#02c567596932440f77a162f01c025b76b70d38e3",
      "requires": {
        "ad-assets": "git://github.com/ff0000-ad-tech/ad-assets.git#514294bec578d0cd2ef401f9fd81183f04da4a52",
        "ad-control": "git://github.com/ff0000-ad-tech/ad-control.git#4f35694182219e2d386b452e678af4ec7d6f34eb",
        "ad-load": "git://github.com/ff0000-ad-tech/ad-load.git#8303d2eddef6373a77f2b232abb803702f0ef518",
        "ad-polyfills": "git://github.com/ff0000-ad-tech/ad-polyfills.git#65a292e55664c1e2e39fd7acc9b05dc91929eb55"
      }
    },
    "ad-events": {
      "version": "git://github.com/ff0000-ad-tech/ad-events.git#683119e0406245e753313be93553d23d8044ee32",
      "requires": {
        "ad-external": "git://github.com/ff0000-ad-tech/ad-external.git#7093fd839bea1367bb783e65e055fb14b438e310",
        "ad-view": "git://github.com/ff0000-ad-tech/ad-view.git#207428b086de55268ebc4122fa0e2689b2327d70"
      }
    },
    "ad-external": {
      "version": "git://github.com/ff0000-ad-tech/ad-external.git#7093fd839bea1367bb783e65e055fb14b438e310",
      "requires": {
        "ad-dates": "git://github.com/ff0000-ad-tech/ad-dates.git#72d77f3863ae6463fd605d0e2c62457cb622d0f9",
        "ad-legacy": "git://github.com/ff0000-ad-tech/ad-legacy.git#5f1e60e29324ff53bdf8bd4109b5750cd703d1a0",
        "ad-load": "git://github.com/ff0000-ad-tech/ad-load.git#8303d2eddef6373a77f2b232abb803702f0ef518",
        "ad-utils": "git://github.com/ff0000-ad-tech/ad-utils.git#f230fe8c9b22c8cb04fe7f57294bd17c8693bf80"
      }
    },
    "ad-geom": {
      "version": "git://github.com/ff0000-ad-tech/ad-geom.git#8e2abf023c9982bb4094dd1d07c0283559fa939c",
      "requires": {
        "ad-utils": "git://github.com/ff0000-ad-tech/ad-utils.git#f230fe8c9b22c8cb04fe7f57294bd17c8693bf80"
      }
    },
    "ad-legacy": {
      "version": "git://github.com/ff0000-ad-tech/ad-legacy.git#5f1e60e29324ff53bdf8bd4109b5750cd703d1a0",
      "requires": {
        "ad-events": "git://github.com/ff0000-ad-tech/ad-events.git#683119e0406245e753313be93553d23d8044ee32",
        "ad-utils": "git://github.com/ff0000-ad-tech/ad-utils.git#f230fe8c9b22c8cb04fe7f57294bd17c8693bf80",
        "ad-view": "git://github.com/ff0000-ad-tech/ad-view.git#207428b086de55268ebc4122fa0e2689b2327d70"
      }
    },
    "ad-load": {
      "version": "git://github.com/ff0000-ad-tech/ad-load.git#8303d2eddef6373a77f2b232abb803702f0ef518"
    },
    "ad-polyfills": {
      "version": "git://github.com/ff0000-ad-tech/ad-polyfills.git#65a292e55664c1e2e39fd7acc9b05dc91929eb55"
    },
    "ad-ui": {
      "version": "git://github.com/ff0000-ad-tech/ad-ui.git#4ced6553c9476f1c71ca384e1c1ba6864b28f72d",
      "requires": {
        "ad-control": "git://github.com/ff0000-ad-tech/ad-control.git#4f35694182219e2d386b452e678af4ec7d6f34eb",
        "ad-events": "git://github.com/ff0000-ad-tech/ad-events.git#683119e0406245e753313be93553d23d8044ee32",
        "ad-utils": "git://github.com/ff0000-ad-tech/ad-utils.git#f230fe8c9b22c8cb04fe7f57294bd17c8693bf80",
        "ad-view": "git://github.com/ff0000-ad-tech/ad-view.git#207428b086de55268ebc4122fa0e2689b2327d70"
      }
    },
    "ad-utils": {
      "version": "git://github.com/ff0000-ad-tech/ad-utils.git#f230fe8c9b22c8cb04fe7f57294bd17c8693bf80",
      "requires": {
        "ad-video": "git://github.com/ff0000-ad-tech/ad-video.git#bfb93c772077438c71c49db2f64ae53a1a7c3eb7",
        "ad-view": "git://github.com/ff0000-ad-tech/ad-view.git#207428b086de55268ebc4122fa0e2689b2327d70"
      }
    },
    "ad-video": {
      "version": "git://github.com/ff0000-ad-tech/ad-video.git#bfb93c772077438c71c49db2f64ae53a1a7c3eb7",
      "requires": {
        "ad-canvas": "git://github.com/ff0000-ad-tech/ad-canvas.git#07debdad480850a4abeb79276e347ce0d9779ea2",
        "ad-control": "git://github.com/ff0000-ad-tech/ad-control.git#4f35694182219e2d386b452e678af4ec7d6f34eb",
        "ad-events": "git://github.com/ff0000-ad-tech/ad-events.git#683119e0406245e753313be93553d23d8044ee32",
        "ad-external": "git://github.com/ff0000-ad-tech/ad-external.git#7093fd839bea1367bb783e65e055fb14b438e310",
        "ad-load": "git://github.com/ff0000-ad-tech/ad-load.git#8303d2eddef6373a77f2b232abb803702f0ef518",
        "ad-ui": "git://github.com/ff0000-ad-tech/ad-ui.git#4ced6553c9476f1c71ca384e1c1ba6864b28f72d",
        "ad-view": "git://github.com/ff0000-ad-tech/ad-view.git#207428b086de55268ebc4122fa0e2689b2327d70"
      }
    },
    "ad-view": {
      "version": "git://github.com/ff0000-ad-tech/ad-view.git#207428b086de55268ebc4122fa0e2689b2327d70",
      "requires": {
        "ad-control": "git://github.com/ff0000-ad-tech/ad-control.git#4f35694182219e2d386b452e678af4ec7d6f34eb",
        "ad-events": "git://github.com/ff0000-ad-tech/ad-events.git#683119e0406245e753313be93553d23d8044ee32",
        "ad-external": "git://github.com/ff0000-ad-tech/ad-external.git#7093fd839bea1367bb783e65e055fb14b438e310",
        "ad-geom": "git://github.com/ff0000-ad-tech/ad-geom.git#8e2abf023c9982bb4094dd1d07c0283559fa939c",
        "ad-legacy": "git://github.com/ff0000-ad-tech/ad-legacy.git#5f1e60e29324ff53bdf8bd4109b5750cd703d1a0",
        "ad-ui": "git://github.com/ff0000-ad-tech/ad-ui.git#4ced6553c9476f1c71ca384e1c1ba6864b28f72d",
        "ad-utils": "git://github.com/ff0000-ad-tech/ad-utils.git#f230fe8c9b22c8cb04fe7f57294bd17c8693bf80"
      }
    },
    "ansi-regex": {
      "version": "2.1.1",
      "resolved": "https://registry.npmjs.org/ansi-regex/-/ansi-regex-2.1.1.tgz",
      "integrity": "sha1-w7M6te42DYbg5ijwRorn7yfWVN8="
    },
    "ansi-styles": {
      "version": "3.2.0",
      "resolved": "https://registry.npmjs.org/ansi-styles/-/ansi-styles-3.2.0.tgz",
      "integrity": "sha512-NnSOmMEYtVR2JVMIGTzynRkkaxtiq1xnFBcdQD/DnNCYPoEPsVJhM98BDyaoNOQIi7p4okdi3E27eN7GQbsUug==",
      "requires": {
        "color-convert": "1.9.1"
      }
    },
    "array-uniq": {
      "version": "1.0.3",
      "resolved": "https://registry.npmjs.org/array-uniq/-/array-uniq-1.0.3.tgz",
      "integrity": "sha1-r2rId6Jcx/dOBYiUdThY39sk/bY="
    },
    "babel-code-frame": {
      "version": "6.26.0",
      "resolved": "https://registry.npmjs.org/babel-code-frame/-/babel-code-frame-6.26.0.tgz",
      "integrity": "sha1-Y/1D99weO7fONZR9uP42mj9Yx0s=",
      "requires": {
        "chalk": "1.1.3",
        "esutils": "2.0.2",
        "js-tokens": "3.0.2"
      },
      "dependencies": {
        "ansi-styles": {
          "version": "2.2.1",
          "resolved": "https://registry.npmjs.org/ansi-styles/-/ansi-styles-2.2.1.tgz",
          "integrity": "sha1-tDLdM1i2NM914eRmQ2gkBTPB3b4="
        },
        "chalk": {
          "version": "1.1.3",
          "resolved": "https://registry.npmjs.org/chalk/-/chalk-1.1.3.tgz",
          "integrity": "sha1-qBFcVeSnAv5NFQq9OHKCKn4J/Jg=",
          "requires": {
            "ansi-styles": "2.2.1",
            "escape-string-regexp": "1.0.5",
            "has-ansi": "2.0.0",
            "strip-ansi": "3.0.1",
            "supports-color": "2.0.0"
          }
        },
        "supports-color": {
          "version": "2.0.0",
          "resolved": "https://registry.npmjs.org/supports-color/-/supports-color-2.0.0.tgz",
          "integrity": "sha1-U10EXOa2Nj+kARcIRimZXp3zJMc="
        }
      }
    },
    "babel-core": {
      "version": "6.26.0",
      "resolved": "https://registry.npmjs.org/babel-core/-/babel-core-6.26.0.tgz",
      "integrity": "sha1-rzL3izGm/O8RnIew/Y2XU/A6C7g=",
      "requires": {
        "babel-code-frame": "6.26.0",
        "babel-generator": "6.26.0",
        "babel-helpers": "6.24.1",
        "babel-messages": "6.23.0",
        "babel-register": "6.26.0",
        "babel-runtime": "6.26.0",
        "babel-template": "6.26.0",
        "babel-traverse": "6.26.0",
        "babel-types": "6.26.0",
        "babylon": "6.18.0",
        "convert-source-map": "1.5.1",
        "debug": "2.6.9",
        "json5": "0.5.1",
        "lodash": "4.17.4",
        "minimatch": "3.0.4",
        "path-is-absolute": "1.0.1",
        "private": "0.1.8",
        "slash": "1.0.0",
        "source-map": "0.5.7"
      },
      "dependencies": {
        "source-map": {
          "version": "0.5.7",
          "resolved": "https://registry.npmjs.org/source-map/-/source-map-0.5.7.tgz",
          "integrity": "sha1-igOdLRAh0i0eoUyA2OpGi6LvP8w="
        }
      }
    },
    "babel-generator": {
      "version": "6.26.0",
      "resolved": "https://registry.npmjs.org/babel-generator/-/babel-generator-6.26.0.tgz",
      "integrity": "sha1-rBriAHC3n248odMmlhMFN3TyDcU=",
      "requires": {
        "babel-messages": "6.23.0",
        "babel-runtime": "6.26.0",
        "babel-types": "6.26.0",
        "detect-indent": "4.0.0",
        "jsesc": "1.3.0",
        "lodash": "4.17.4",
        "source-map": "0.5.7",
        "trim-right": "1.0.1"
      },
      "dependencies": {
        "source-map": {
          "version": "0.5.7",
          "resolved": "https://registry.npmjs.org/source-map/-/source-map-0.5.7.tgz",
          "integrity": "sha1-igOdLRAh0i0eoUyA2OpGi6LvP8w="
        }
      }
    },
    "babel-helper-function-name": {
      "version": "6.24.1",
      "resolved": "https://registry.npmjs.org/babel-helper-function-name/-/babel-helper-function-name-6.24.1.tgz",
      "integrity": "sha1-00dbjAPtmCQqJbSDUasYOZ01gKk=",
      "requires": {
        "babel-helper-get-function-arity": "6.24.1",
        "babel-runtime": "6.26.0",
        "babel-template": "6.26.0",
        "babel-traverse": "6.26.0",
        "babel-types": "6.26.0"
      }
    },
    "babel-helper-get-function-arity": {
      "version": "6.24.1",
      "resolved": "https://registry.npmjs.org/babel-helper-get-function-arity/-/babel-helper-get-function-arity-6.24.1.tgz",
      "integrity": "sha1-j3eCqpNAfEHTqlCQj4mwMbG2hT0=",
      "requires": {
        "babel-runtime": "6.26.0",
        "babel-types": "6.26.0"
      }
    },
    "babel-helpers": {
      "version": "6.24.1",
      "resolved": "https://registry.npmjs.org/babel-helpers/-/babel-helpers-6.24.1.tgz",
      "integrity": "sha1-NHHenK7DiOXIUOWX5Yom3fN2ArI=",
      "requires": {
        "babel-runtime": "6.26.0",
        "babel-template": "6.26.0"
      }
    },
    "babel-messages": {
      "version": "6.23.0",
      "resolved": "https://registry.npmjs.org/babel-messages/-/babel-messages-6.23.0.tgz",
      "integrity": "sha1-8830cDhYA1sqKVHG7F7fbGLyYw4=",
      "requires": {
        "babel-runtime": "6.26.0"
      }
    },
    "babel-plugin-syntax-class-properties": {
      "version": "6.13.0",
      "resolved": "https://registry.npmjs.org/babel-plugin-syntax-class-properties/-/babel-plugin-syntax-class-properties-6.13.0.tgz",
      "integrity": "sha1-1+sjt5oxf4VDlixQW4J8fWysJ94="
    },
    "babel-plugin-transform-class-properties": {
      "version": "6.24.1",
      "resolved": "https://registry.npmjs.org/babel-plugin-transform-class-properties/-/babel-plugin-transform-class-properties-6.24.1.tgz",
      "integrity": "sha1-anl2PqYdM9NvN7YRqp3vgagbRqw=",
      "requires": {
        "babel-helper-function-name": "6.24.1",
        "babel-plugin-syntax-class-properties": "6.13.0",
        "babel-runtime": "6.26.0",
        "babel-template": "6.26.0"
      }
    },
    "babel-register": {
      "version": "6.26.0",
      "resolved": "https://registry.npmjs.org/babel-register/-/babel-register-6.26.0.tgz",
      "integrity": "sha1-btAhFz4vy0htestFxgCahW9kcHE=",
      "requires": {
        "babel-core": "6.26.0",
        "babel-runtime": "6.26.0",
        "core-js": "2.5.3",
        "home-or-tmp": "2.0.0",
        "lodash": "4.17.4",
        "mkdirp": "0.5.1",
        "source-map-support": "0.4.18"
      }
    },
    "babel-runtime": {
      "version": "6.26.0",
      "resolved": "https://registry.npmjs.org/babel-runtime/-/babel-runtime-6.26.0.tgz",
      "integrity": "sha1-llxwWGaOgrVde/4E/yM3vItWR/4=",
      "requires": {
        "core-js": "2.5.3",
        "regenerator-runtime": "0.11.1"
      }
    },
    "babel-template": {
      "version": "6.26.0",
      "resolved": "https://registry.npmjs.org/babel-template/-/babel-template-6.26.0.tgz",
      "integrity": "sha1-3gPi0WOWsGn0bdn/+FIfsaDjXgI=",
      "requires": {
        "babel-runtime": "6.26.0",
        "babel-traverse": "6.26.0",
        "babel-types": "6.26.0",
        "babylon": "6.18.0",
        "lodash": "4.17.4"
      }
    },
    "babel-traverse": {
      "version": "6.26.0",
      "resolved": "https://registry.npmjs.org/babel-traverse/-/babel-traverse-6.26.0.tgz",
      "integrity": "sha1-RqnL1+3MYsjlwGTi0tjQ9ANXZu4=",
      "requires": {
        "babel-code-frame": "6.26.0",
        "babel-messages": "6.23.0",
        "babel-runtime": "6.26.0",
        "babel-types": "6.26.0",
        "babylon": "6.18.0",
        "debug": "2.6.9",
        "globals": "9.18.0",
        "invariant": "2.2.2",
        "lodash": "4.17.4"
      }
    },
    "babel-types": {
      "version": "6.26.0",
      "resolved": "https://registry.npmjs.org/babel-types/-/babel-types-6.26.0.tgz",
      "integrity": "sha1-o7Bz+Uq0nrb6Vc1lInozQ4BjJJc=",
      "requires": {
        "babel-runtime": "6.26.0",
        "esutils": "2.0.2",
        "lodash": "4.17.4",
        "to-fast-properties": "1.0.3"
      }
    },
    "babylon": {
      "version": "6.18.0",
      "resolved": "https://registry.npmjs.org/babylon/-/babylon-6.18.0.tgz",
      "integrity": "sha512-q/UEjfGJ2Cm3oKV71DJz9d25TPnq5rhBVL2Q4fA5wcC3jcrdn7+SssEybFIxwAvvP+YCsCYNKughoF33GxgycQ=="
    },
    "balanced-match": {
      "version": "1.0.0",
      "resolved": "https://registry.npmjs.org/balanced-match/-/balanced-match-1.0.0.tgz",
      "integrity": "sha1-ibTRmasr7kneFk6gK4nORi1xt2c="
    },
    "bluebird": {
      "version": "3.4.7",
      "resolved": "https://registry.npmjs.org/bluebird/-/bluebird-3.4.7.tgz",
      "integrity": "sha1-9y12C+Cbf3bQjtj66Ysomo0F+rM="
    },
    "brace-expansion": {
      "version": "1.1.8",
      "resolved": "https://registry.npmjs.org/brace-expansion/-/brace-expansion-1.1.8.tgz",
      "integrity": "sha1-wHshHHyVLsH479Uad+8NHTmQopI=",
      "requires": {
        "balanced-match": "1.0.0",
        "concat-map": "0.0.1"
      }
    },
    "catharsis": {
      "version": "0.8.9",
      "resolved": "https://registry.npmjs.org/catharsis/-/catharsis-0.8.9.tgz",
      "integrity": "sha1-mMyJDKZS3S7w5ws3klMQ/56Q/Is=",
      "requires": {
        "underscore-contrib": "0.3.0"
      }
    },
    "chalk": {
      "version": "2.3.0",
      "resolved": "https://registry.npmjs.org/chalk/-/chalk-2.3.0.tgz",
      "integrity": "sha512-Az5zJR2CBujap2rqXGaJKaPHyJ0IrUimvYNX+ncCy8PJP4ltOGTrHUIo097ZaL2zMeKYpiCdqDvS6zdrTFok3Q==",
      "requires": {
        "ansi-styles": "3.2.0",
        "escape-string-regexp": "1.0.5",
        "supports-color": "4.5.0"
      }
    },
    "color-convert": {
      "version": "1.9.1",
      "resolved": "https://registry.npmjs.org/color-convert/-/color-convert-1.9.1.tgz",
      "integrity": "sha512-mjGanIiwQJskCC18rPR6OmrZ6fm2Lc7PeGFYwCmy5J34wC6F1PzdGL6xeMfmgicfYcNLGuVFA3WzXtIDCQSZxQ==",
      "requires": {
        "color-name": "1.1.3"
      }
    },
    "color-name": {
      "version": "1.1.3",
      "resolved": "https://registry.npmjs.org/color-name/-/color-name-1.1.3.tgz",
      "integrity": "sha1-p9BVi9icQveV3UIyj3QIMcpTvCU="
    },
    "concat-map": {
      "version": "0.0.1",
      "resolved": "https://registry.npmjs.org/concat-map/-/concat-map-0.0.1.tgz",
      "integrity": "sha1-2Klr13/Wjfd5OnMDajug1UBdR3s="
    },
    "convert-source-map": {
      "version": "1.5.1",
      "resolved": "https://registry.npmjs.org/convert-source-map/-/convert-source-map-1.5.1.tgz",
      "integrity": "sha1-uCeAl7m8IpNl3lxiz1/K7YtVmeU="
    },
    "core-js": {
      "version": "2.5.3",
      "resolved": "https://registry.npmjs.org/core-js/-/core-js-2.5.3.tgz",
      "integrity": "sha1-isw4NFgk8W2DZbfJtCWRaOjtYD4="
    },
    "core-util-is": {
      "version": "1.0.2",
      "resolved": "https://registry.npmjs.org/core-util-is/-/core-util-is-1.0.2.tgz",
      "integrity": "sha1-tf1UIgqivFq1eqtxQMlAdUUDwac="
    },
    "debug": {
      "version": "2.6.9",
      "resolved": "https://registry.npmjs.org/debug/-/debug-2.6.9.tgz",
      "integrity": "sha512-bC7ElrdJaJnPbAP+1EotYvqZsb3ecl5wi6Bfi6BJTUcNowp6cvspg0jXznRTKDjm/E7AdgFBVeAPVMNcKGsHMA==",
      "requires": {
        "ms": "2.0.0"
      }
    },
    "detect-indent": {
      "version": "4.0.0",
      "resolved": "https://registry.npmjs.org/detect-indent/-/detect-indent-4.0.0.tgz",
      "integrity": "sha1-920GQ1LN9Docts5hnE7jqUdd4gg=",
      "requires": {
        "repeating": "2.0.1"
      }
    },
    "dom-serializer": {
      "version": "0.1.0",
      "resolved": "https://registry.npmjs.org/dom-serializer/-/dom-serializer-0.1.0.tgz",
      "integrity": "sha1-BzxpdUbOB4DOI75KKOKT5AvDDII=",
      "requires": {
        "domelementtype": "1.1.3",
        "entities": "1.1.1"
      },
      "dependencies": {
        "domelementtype": {
          "version": "1.1.3",
          "resolved": "https://registry.npmjs.org/domelementtype/-/domelementtype-1.1.3.tgz",
          "integrity": "sha1-vSh3PiZCiBrsUVRJJCmcXNgiGFs="
        }
      }
    },
    "domelementtype": {
      "version": "1.3.0",
      "resolved": "https://registry.npmjs.org/domelementtype/-/domelementtype-1.3.0.tgz",
      "integrity": "sha1-sXrtguirWeUt2cGbF1bg/BhyBMI="
    },
    "domhandler": {
      "version": "2.4.1",
      "resolved": "https://registry.npmjs.org/domhandler/-/domhandler-2.4.1.tgz",
      "integrity": "sha1-iS5HAAqZvlW783dP/qBWHYh5wlk=",
      "requires": {
        "domelementtype": "1.3.0"
      }
    },
    "domutils": {
      "version": "1.6.2",
      "resolved": "https://registry.npmjs.org/domutils/-/domutils-1.6.2.tgz",
      "integrity": "sha1-GVjMC0yUJuntNn+xyOhUiRsPo/8=",
      "requires": {
        "dom-serializer": "0.1.0",
        "domelementtype": "1.3.0"
      }
    },
    "entities": {
      "version": "1.1.1",
      "resolved": "https://registry.npmjs.org/entities/-/entities-1.1.1.tgz",
      "integrity": "sha1-blwtClYhtdra7O+AuQ7ftc13cvA="
    },
    "escape-string-regexp": {
      "version": "1.0.5",
      "resolved": "https://registry.npmjs.org/escape-string-regexp/-/escape-string-regexp-1.0.5.tgz",
      "integrity": "sha1-G2HAViGQqN/2rjuyzwIAyhMLhtQ="
    },
    "espree": {
      "version": "3.1.7",
      "resolved": "https://registry.npmjs.org/espree/-/espree-3.1.7.tgz",
      "integrity": "sha1-/V3ux2qXpRIKnNOnyxF3oJI7EdI=",
      "requires": {
        "acorn": "3.3.0",
        "acorn-jsx": "3.0.1"
      }
    },
    "esutils": {
      "version": "2.0.2",
      "resolved": "https://registry.npmjs.org/esutils/-/esutils-2.0.2.tgz",
      "integrity": "sha1-Cr9PHKpbyx96nYrMbepPqqBLrJs="
    },
    "globals": {
      "version": "9.18.0",
      "resolved": "https://registry.npmjs.org/globals/-/globals-9.18.0.tgz",
      "integrity": "sha512-S0nG3CLEQiY/ILxqtztTWH/3iRRdyBLw6KMDxnKMchrtbj2OFmehVh0WUCfW3DUrIgx/qFrJPICrq4Z4sTR9UQ=="
    },
    "graceful-fs": {
      "version": "4.1.11",
      "resolved": "https://registry.npmjs.org/graceful-fs/-/graceful-fs-4.1.11.tgz",
      "integrity": "sha1-Dovf5NHduIVNZOBOp8AOKgJuVlg=",
      "optional": true
    },
    "has-ansi": {
      "version": "2.0.0",
      "resolved": "https://registry.npmjs.org/has-ansi/-/has-ansi-2.0.0.tgz",
      "integrity": "sha1-NPUEnOHs3ysGSa8+8k5F7TVBbZE=",
      "requires": {
        "ansi-regex": "2.1.1"
      }
    },
    "has-flag": {
      "version": "2.0.0",
      "resolved": "https://registry.npmjs.org/has-flag/-/has-flag-2.0.0.tgz",
      "integrity": "sha1-6CB68cx7MNRGzHC3NLXovhj4jVE="
    },
    "home-or-tmp": {
      "version": "2.0.0",
      "resolved": "https://registry.npmjs.org/home-or-tmp/-/home-or-tmp-2.0.0.tgz",
      "integrity": "sha1-42w/LSyufXRqhX440Y1fMqeILbg=",
      "requires": {
        "os-homedir": "1.0.2",
        "os-tmpdir": "1.0.2"
      }
    },
    "htmlparser2": {
      "version": "3.9.2",
      "resolved": "https://registry.npmjs.org/htmlparser2/-/htmlparser2-3.9.2.tgz",
      "integrity": "sha1-G9+HrMoPP55T+k/M6w9LTLsAszg=",
      "requires": {
        "domelementtype": "1.3.0",
        "domhandler": "2.4.1",
        "domutils": "1.6.2",
        "entities": "1.1.1",
        "inherits": "2.0.3",
        "readable-stream": "2.3.3"
      }
    },
    "inherits": {
      "version": "2.0.3",
      "resolved": "https://registry.npmjs.org/inherits/-/inherits-2.0.3.tgz",
      "integrity": "sha1-Yzwsg+PaQqUC9SRmAiSA9CCCYd4="
    },
    "ink-docstrap": {
      "version": "git+ssh://git@stash.ff0000.com:7999/at/docstrap.git#8a37d92f4860bc0c969b996699a04b2ec8492663",
      "requires": {
        "moment": "2.20.1",
        "sanitize-html": "1.17.0"
      }
    },
    "invariant": {
      "version": "2.2.2",
      "resolved": "https://registry.npmjs.org/invariant/-/invariant-2.2.2.tgz",
      "integrity": "sha1-nh9WrArNtr8wMwbzOL47IErmA2A=",
      "requires": {
        "loose-envify": "1.3.1"
      }
    },
    "is-finite": {
      "version": "1.0.2",
      "resolved": "https://registry.npmjs.org/is-finite/-/is-finite-1.0.2.tgz",
      "integrity": "sha1-zGZ3aVYCvlUO8R6LSqYwU0K20Ko=",
      "requires": {
        "number-is-nan": "1.0.1"
      }
    },
    "isarray": {
      "version": "1.0.0",
      "resolved": "https://registry.npmjs.org/isarray/-/isarray-1.0.0.tgz",
      "integrity": "sha1-u5NdSFgsuhaMBoNJV6VKPgcSTxE="
    },
    "js-tokens": {
      "version": "3.0.2",
      "resolved": "https://registry.npmjs.org/js-tokens/-/js-tokens-3.0.2.tgz",
      "integrity": "sha1-mGbfOVECEw449/mWvOtlRDIJwls="
    },
    "js2xmlparser": {
      "version": "1.0.0",
      "resolved": "https://registry.npmjs.org/js2xmlparser/-/js2xmlparser-1.0.0.tgz",
      "integrity": "sha1-WhcPLo1kds5FQF4EgjJCUTeC/jA="
    },
    "jsdoc": {
      "version": "git+ssh://git@stash.ff0000.com:7999/at/jsdoc.git#8d1c83b2559efd3ba3b92b8e112cc0e4dc0dcce6",
      "requires": {
        "bluebird": "3.4.7",
        "catharsis": "0.8.9",
        "escape-string-regexp": "1.0.5",
        "espree": "3.1.7",
        "js2xmlparser": "1.0.0",
        "klaw": "1.3.1",
        "marked": "0.3.12",
        "mkdirp": "0.5.1",
        "requizzle": "0.2.1",
        "strip-json-comments": "2.0.1",
        "taffydb": "2.6.2",
        "underscore": "1.8.3"
      }
    },
    "jsdoc-babel": {
      "version": "0.3.0",
      "resolved": "https://registry.npmjs.org/jsdoc-babel/-/jsdoc-babel-0.3.0.tgz",
      "integrity": "sha1-Lqrv2eyo2LeIRTlKHM6diJa+++E=",
      "requires": {
        "lodash": "4.17.4"
      }
    },
    "jsesc": {
      "version": "1.3.0",
      "resolved": "https://registry.npmjs.org/jsesc/-/jsesc-1.3.0.tgz",
      "integrity": "sha1-RsP+yMGJKxKwgz25vHYiF226s0s="
    },
    "json5": {
      "version": "0.5.1",
      "resolved": "https://registry.npmjs.org/json5/-/json5-0.5.1.tgz",
      "integrity": "sha1-Hq3nrMASA0rYTiOWdn6tn6VJWCE="
    },
    "klaw": {
      "version": "1.3.1",
      "resolved": "https://registry.npmjs.org/klaw/-/klaw-1.3.1.tgz",
      "integrity": "sha1-QIhDO0azsbolnXh4XY6W9zugJDk=",
      "requires": {
        "graceful-fs": "4.1.11"
      }
    },
    "lodash": {
      "version": "4.17.4",
      "resolved": "https://registry.npmjs.org/lodash/-/lodash-4.17.4.tgz",
      "integrity": "sha1-eCA6TRwyiuHYbcpkYONptX9AVa4="
    },
    "lodash.clonedeep": {
      "version": "4.5.0",
      "resolved": "https://registry.npmjs.org/lodash.clonedeep/-/lodash.clonedeep-4.5.0.tgz",
      "integrity": "sha1-4j8/nE+Pvd6HJSnBBxhXoIblzO8="
    },
    "lodash.escaperegexp": {
      "version": "4.1.2",
      "resolved": "https://registry.npmjs.org/lodash.escaperegexp/-/lodash.escaperegexp-4.1.2.tgz",
      "integrity": "sha1-ZHYsSGGAglGKw99Mz11YhtriA0c="
    },
    "lodash.mergewith": {
      "version": "4.6.0",
      "resolved": "https://registry.npmjs.org/lodash.mergewith/-/lodash.mergewith-4.6.0.tgz",
      "integrity": "sha1-FQzwoWeR9ZA7iJHqsVRgknS96lU="
    },
    "loose-envify": {
      "version": "1.3.1",
      "resolved": "https://registry.npmjs.org/loose-envify/-/loose-envify-1.3.1.tgz",
      "integrity": "sha1-0aitM/qc4OcT1l/dCsi3SNR4yEg=",
      "requires": {
        "js-tokens": "3.0.2"
      }
    },
    "marked": {
      "version": "0.3.12",
      "resolved": "https://registry.npmjs.org/marked/-/marked-0.3.12.tgz",
      "integrity": "sha512-k4NaW+vS7ytQn6MgJn3fYpQt20/mOgYM5Ft9BYMfQJDz2QT6yEeS9XJ8k2Nw8JTeWK/znPPW2n3UJGzyYEiMoA=="
    },
    "minimatch": {
      "version": "3.0.4",
      "resolved": "https://registry.npmjs.org/minimatch/-/minimatch-3.0.4.tgz",
      "integrity": "sha512-yJHVQEhyqPLUTgt9B83PXu6W3rx4MvvHvSUvToogpwoGDOUQ+yDrR0HRot+yOCdCO7u4hX3pWft6kWBBcqh0UA==",
      "requires": {
        "brace-expansion": "1.1.8"
      }
    },
    "minimist": {
      "version": "0.0.8",
      "resolved": "https://registry.npmjs.org/minimist/-/minimist-0.0.8.tgz",
      "integrity": "sha1-hX/Kv8M5fSYluCKCYuhqp6ARsF0="
    },
    "mkdirp": {
      "version": "0.5.1",
      "resolved": "https://registry.npmjs.org/mkdirp/-/mkdirp-0.5.1.tgz",
      "integrity": "sha1-MAV0OOrGz3+MR2fzhkjWaX11yQM=",
      "requires": {
        "minimist": "0.0.8"
      }
    },
    "moment": {
      "version": "2.20.1",
      "resolved": "https://registry.npmjs.org/moment/-/moment-2.20.1.tgz",
      "integrity": "sha512-Yh9y73JRljxW5QxN08Fner68eFLxM5ynNOAw2LbIB1YAGeQzZT8QFSUvkAz609Zf+IHhhaUxqZK8dG3W/+HEvg=="
    },
    "ms": {
      "version": "2.0.0",
      "resolved": "https://registry.npmjs.org/ms/-/ms-2.0.0.tgz",
      "integrity": "sha1-VgiurfwAvmwpAd9fmGF4jeDVl8g="
    },
    "number-is-nan": {
      "version": "1.0.1",
      "resolved": "https://registry.npmjs.org/number-is-nan/-/number-is-nan-1.0.1.tgz",
      "integrity": "sha1-CXtgK1NCKlIsGvuHkDGDNpQaAR0="
    },
    "os-homedir": {
      "version": "1.0.2",
      "resolved": "https://registry.npmjs.org/os-homedir/-/os-homedir-1.0.2.tgz",
      "integrity": "sha1-/7xJiDNuDoM94MFox+8VISGqf7M="
    },
    "os-tmpdir": {
      "version": "1.0.2",
      "resolved": "https://registry.npmjs.org/os-tmpdir/-/os-tmpdir-1.0.2.tgz",
      "integrity": "sha1-u+Z0BseaqFxc/sdm/lc0VV36EnQ="
    },
    "path-is-absolute": {
      "version": "1.0.1",
      "resolved": "https://registry.npmjs.org/path-is-absolute/-/path-is-absolute-1.0.1.tgz",
      "integrity": "sha1-F0uSaHNVNP+8es5r9TpanhtcX18="
    },
    "postcss": {
      "version": "6.0.16",
      "resolved": "https://registry.npmjs.org/postcss/-/postcss-6.0.16.tgz",
      "integrity": "sha512-m758RWPmSjFH/2MyyG3UOW1fgYbR9rtdzz5UNJnlm7OLtu4B2h9C6gi+bE4qFKghsBRFfZT8NzoQBs6JhLotoA==",
      "requires": {
        "chalk": "2.3.0",
        "source-map": "0.6.1",
        "supports-color": "5.1.0"
      },
      "dependencies": {
        "supports-color": {
          "version": "5.1.0",
          "resolved": "https://registry.npmjs.org/supports-color/-/supports-color-5.1.0.tgz",
          "integrity": "sha512-Ry0AwkoKjDpVKK4sV4h6o3UJmNRbjYm2uXhwfj3J56lMVdvnUNqzQVRztOOMGQ++w1K/TjNDFvpJk0F/LoeBCQ==",
          "requires": {
            "has-flag": "2.0.0"
          }
        }
      }
    },
    "private": {
      "version": "0.1.8",
      "resolved": "https://registry.npmjs.org/private/-/private-0.1.8.tgz",
      "integrity": "sha512-VvivMrbvd2nKkiG38qjULzlc+4Vx4wm/whI9pQD35YrARNnhxeiRktSOhSukRLFNlzg6Br/cJPet5J/u19r/mg=="
    },
    "process-nextick-args": {
      "version": "1.0.7",
      "resolved": "https://registry.npmjs.org/process-nextick-args/-/process-nextick-args-1.0.7.tgz",
      "integrity": "sha1-FQ4gt1ZZCtP5EJPyWk8q2L/zC6M="
    },
    "readable-stream": {
      "version": "2.3.3",
      "resolved": "https://registry.npmjs.org/readable-stream/-/readable-stream-2.3.3.tgz",
      "integrity": "sha512-m+qzzcn7KUxEmd1gMbchF+Y2eIUbieUaxkWtptyHywrX0rE8QEYqPC07Vuy4Wm32/xE16NcdBctb8S0Xe/5IeQ==",
      "requires": {
        "core-util-is": "1.0.2",
        "inherits": "2.0.3",
        "isarray": "1.0.0",
        "process-nextick-args": "1.0.7",
        "safe-buffer": "5.1.1",
        "string_decoder": "1.0.3",
        "util-deprecate": "1.0.2"
      }
    },
    "regenerator-runtime": {
      "version": "0.11.1",
      "resolved": "https://registry.npmjs.org/regenerator-runtime/-/regenerator-runtime-0.11.1.tgz",
      "integrity": "sha512-MguG95oij0fC3QV3URf4V2SDYGJhJnJGqvIIgdECeODCT98wSWDAJ94SSuVpYQUoTcGUIL6L4yNB7j1DFFHSBg=="
    },
    "repeating": {
      "version": "2.0.1",
      "resolved": "https://registry.npmjs.org/repeating/-/repeating-2.0.1.tgz",
      "integrity": "sha1-UhTFOpJtNVJwdSf7q0FdvAjQbdo=",
      "requires": {
        "is-finite": "1.0.2"
      }
    },
    "requizzle": {
      "version": "0.2.1",
      "resolved": "https://registry.npmjs.org/requizzle/-/requizzle-0.2.1.tgz",
      "integrity": "sha1-aUPDUwxNmn5G8c3dUcFY/GcM294=",
      "requires": {
        "underscore": "1.6.0"
      },
      "dependencies": {
        "underscore": {
          "version": "1.6.0",
          "resolved": "https://registry.npmjs.org/underscore/-/underscore-1.6.0.tgz",
          "integrity": "sha1-izixDKze9jM3uLJOT/htRa6lKag="
        }
      }
    },
    "safe-buffer": {
      "version": "5.1.1",
      "resolved": "https://registry.npmjs.org/safe-buffer/-/safe-buffer-5.1.1.tgz",
      "integrity": "sha512-kKvNJn6Mm93gAczWVJg7wH+wGYWNrDHdWvpUmHyEsgCtIwwo3bqPtV4tR5tuPaUhTOo/kvhVwd8XwwOllGYkbg=="
    },
    "sanitize-html": {
      "version": "1.17.0",
      "resolved": "https://registry.npmjs.org/sanitize-html/-/sanitize-html-1.17.0.tgz",
      "integrity": "sha512-5r265ukJgS+MXVMK0OxXLn7iBqRTIxYK0m6Bc+/gFhCY20Vr/KFp/ZTKu9hyB3tKkiGPiQ08aGDPUbjbBhRpXw==",
      "requires": {
        "chalk": "2.3.0",
        "htmlparser2": "3.9.2",
        "lodash.clonedeep": "4.5.0",
        "lodash.escaperegexp": "4.1.2",
        "lodash.mergewith": "4.6.0",
        "postcss": "6.0.16",
        "srcset": "1.0.0",
        "xtend": "4.0.1"
      }
    },
    "slash": {
      "version": "1.0.0",
      "resolved": "https://registry.npmjs.org/slash/-/slash-1.0.0.tgz",
      "integrity": "sha1-xB8vbDn8FtHNF61LXYlhFK5HDVU="
    },
    "source-map": {
      "version": "0.6.1",
      "resolved": "https://registry.npmjs.org/source-map/-/source-map-0.6.1.tgz",
      "integrity": "sha512-UjgapumWlbMhkBgzT7Ykc5YXUT46F0iKu8SGXq0bcwP5dz/h0Plj6enJqjz1Zbq2l5WaqYnrVbwWOWMyF3F47g=="
    },
    "source-map-support": {
      "version": "0.4.18",
      "resolved": "https://registry.npmjs.org/source-map-support/-/source-map-support-0.4.18.tgz",
      "integrity": "sha512-try0/JqxPLF9nOjvSta7tVondkP5dwgyLDjVoyMDlmjugT2lRZ1OfsrYTkCd2hkDnJTKRbO/Rl3orm8vlsUzbA==",
      "requires": {
        "source-map": "0.5.7"
      },
      "dependencies": {
        "source-map": {
          "version": "0.5.7",
          "resolved": "https://registry.npmjs.org/source-map/-/source-map-0.5.7.tgz",
          "integrity": "sha1-igOdLRAh0i0eoUyA2OpGi6LvP8w="
        }
      }
    },
    "srcset": {
      "version": "1.0.0",
      "resolved": "https://registry.npmjs.org/srcset/-/srcset-1.0.0.tgz",
      "integrity": "sha1-pWad4StC87HV6D7QPHEEb8SPQe8=",
      "requires": {
        "array-uniq": "1.0.3",
        "number-is-nan": "1.0.1"
      }
    },
    "string_decoder": {
      "version": "1.0.3",
      "resolved": "https://registry.npmjs.org/string_decoder/-/string_decoder-1.0.3.tgz",
      "integrity": "sha512-4AH6Z5fzNNBcH+6XDMfA/BTt87skxqJlO0lAh3Dker5zThcAxG6mKz+iGu308UKoPPQ8Dcqx/4JhujzltRa+hQ==",
      "requires": {
        "safe-buffer": "5.1.1"
      }
    },
    "strip-ansi": {
      "version": "3.0.1",
      "resolved": "https://registry.npmjs.org/strip-ansi/-/strip-ansi-3.0.1.tgz",
      "integrity": "sha1-ajhfuIU9lS1f8F0Oiq+UJ43GPc8=",
      "requires": {
        "ansi-regex": "2.1.1"
      }
    },
    "strip-json-comments": {
      "version": "2.0.1",
      "resolved": "https://registry.npmjs.org/strip-json-comments/-/strip-json-comments-2.0.1.tgz",
      "integrity": "sha1-PFMZQukIwml8DsNEhYwobHygpgo="
    },
    "supports-color": {
      "version": "4.5.0",
      "resolved": "https://registry.npmjs.org/supports-color/-/supports-color-4.5.0.tgz",
      "integrity": "sha1-vnoN5ITexcXN34s9WRJQRJEvY1s=",
      "requires": {
        "has-flag": "2.0.0"
      }
    },
    "taffydb": {
      "version": "2.6.2",
      "resolved": "https://registry.npmjs.org/taffydb/-/taffydb-2.6.2.tgz",
      "integrity": "sha1-fLy2S1oUG2ou/CxdLGe04VCyomg="
    },
    "to-fast-properties": {
      "version": "1.0.3",
      "resolved": "https://registry.npmjs.org/to-fast-properties/-/to-fast-properties-1.0.3.tgz",
      "integrity": "sha1-uDVx+k2MJbguIxsG46MFXeTKGkc="
    },
    "trim-right": {
      "version": "1.0.1",
      "resolved": "https://registry.npmjs.org/trim-right/-/trim-right-1.0.1.tgz",
      "integrity": "sha1-yy4SAwZ+DI3h9hQJS5/kVwTqYAM="
    },
    "underscore": {
      "version": "1.8.3",
      "resolved": "https://registry.npmjs.org/underscore/-/underscore-1.8.3.tgz",
      "integrity": "sha1-Tz+1OxBuYJf8+ctBCfKl6b36UCI="
    },
    "underscore-contrib": {
      "version": "0.3.0",
      "resolved": "https://registry.npmjs.org/underscore-contrib/-/underscore-contrib-0.3.0.tgz",
      "integrity": "sha1-ZltmwkeD+PorGMn4y7Dix9SMJsc=",
      "requires": {
        "underscore": "1.6.0"
      },
      "dependencies": {
        "underscore": {
          "version": "1.6.0",
          "resolved": "https://registry.npmjs.org/underscore/-/underscore-1.6.0.tgz",
          "integrity": "sha1-izixDKze9jM3uLJOT/htRa6lKag="
        }
      }
    },
    "util-deprecate": {
      "version": "1.0.2",
      "resolved": "https://registry.npmjs.org/util-deprecate/-/util-deprecate-1.0.2.tgz",
      "integrity": "sha1-RQ1Nyfpw3nMnYvvS1KKJgUGaDM8="
    },
    "xtend": {
      "version": "4.0.1",
      "resolved": "https://registry.npmjs.org/xtend/-/xtend-4.0.1.tgz",
      "integrity": "sha1-pcbVMr5lbiPbgg77lDofBJmNY68="
    }
  }
}
